
Microsoft Visual Studio Solution File, Format Version 12.00
# Visual Studio 2012
Project("{FAE04EC0-301F-11D3-BF4B-00C04F79EFBC}") = "MultiplayerGameClient", "MultiplayerGameClient\MultiplayerGameClient.csproj", "{1041A8EF-DD0B-4FB4-A961-F8A8F9EF3E16}"
EndProject
Project("{FAE04EC0-301F-11D3-BF4B-00C04F79EFBC}") = "MultiplayerGameLibrary", "MultiplayerGameLibrary\MultiplayerGameLibrary.csproj", "{C3D7E1D8-2ADA-4D62-A89C-F658E2030518}"
EndProject
Project("{FAE04EC0-301F-11D3-BF4B-00C04F79EFBC}") = "MultiplayerGameService", "MultiplayerGameService\MultiplayerGameService.csproj", "{56E07FEC-B1F3-412B-8FE0-EC82199437A9}"
EndProject
Global
	GlobalSection(SolutionConfigurationPlatforms) = preSolution
		Debug|Any CPU = Debug|Any CPU
		Release|Any CPU = Release|Any CPU
	EndGlobalSection
	GlobalSection(ProjectConfigurationPlatforms) = postSolution
		{1041A8EF-DD0B-4FB4-A961-F8A8F9EF3E16}.Debug|Any CPU.ActiveCfg = Debug|Any CPU
		{1041A8EF-DD0B-4FB4-A961-F8A8F9EF3E16}.Debug|Any CPU.Build.0 = Debug|Any CPU
		{1041A8EF-DD0B-4FB4-A961-F8A8F9EF3E16}.Release|Any CPU.ActiveCfg = Release|Any CPU
		{1041A8EF-DD0B-4FB4-A961-F8A8F9EF3E16}.Release|Any CPU.Build.0 = Release|Any CPU
		{C3D7E1D8-2ADA-4D62-A89C-F658E2030518}.Debug|Any CPU.ActiveCfg = Debug|Any CPU
		{C3D7E1D8-2ADA-4D62-A89C-F658E2030518}.Debug|Any CPU.Build.0 = Debug|Any CPU
		{C3D7E1D8-2ADA-4D62-A89C-F658E2030518}.Release|Any CPU.ActiveCfg = Release|Any CPU
		{C3D7E1D8-2ADA-4D62-A89C-F658E2030518}.Release|Any CPU.Build.0 = Release|Any CPU
		{56E07FEC-B1F3-412B-8FE0-EC82199437A9}.Debug|Any CPU.ActiveCfg = Debug|Any CPU
		{56E07FEC-B1F3-412B-8FE0-EC82199437A9}.Debug|Any CPU.Build.0 = Debug|Any CPU
		{56E07FEC-B1F3-412B-8FE0-EC82199437A9}.Release|Any CPU.ActiveCfg = Release|Any CPU
		{56E07FEC-B1F3-412B-8FE0-EC82199437A9}.Release|Any CPU.Build.0 = Release|Any CPU
	EndGlobalSection
	GlobalSection(SolutionProperties) = preSolution
		HideSolutionNode = FALSE
	EndGlobalSection
EndGlobal
